{
    "_meta": {
        "hash": {
            "sha256": "81611c2b42b734bd47e906d2ea7bf682fc7314a84f65ffe06af7ddcd6472b31a"
        },
        "host-environment-markers": {
            "implementation_name": "cpython",
            "implementation_version": "0",
            "os_name": "posix",
            "platform_machine": "x86_64",
            "platform_python_implementation": "CPython",
            "platform_release": "4.13.0-36-generic",
            "platform_system": "Linux",
            "platform_version": "#40~16.04.1-Ubuntu SMP Fri Feb 16 23:25:58 UTC 2018",
            "python_full_version": "2.7.12",
            "python_version": "2.7",
            "sys_platform": "linux2"
        },
        "pipfile-spec": 6,
        "requires": {
            "python_version": "2.7"
        },
        "sources": [
            {
                "name": "pypi",
                "url": "https://pypi.python.org/simple",
                "verify_ssl": true
            }
        ]
    },
    "default": {
        "argh": {
            "hashes": [
                "sha256:a9b3aaa1904eeb78e32394cd46c6f37ac0fb4af6dc488daa58971bdc7d7fcaf3",
                "sha256:e9535b8c84dc9571a48999094fda7f33e63c3f1b74f3e5f3ac0105a58405bb65"
            ],
            "version": "==0.26.2"
        },
        "backports-abc": {
            "hashes": [
                "sha256:52089f97fe7a9aa0d3277b220c1d730a85aefd64e1b2664696fe35317c5470a7",
                "sha256:033be54514a03e255df75c5aee8f9e672f663f93abb723444caec8fe43437bde"
            ],
            "version": "==0.5"
        },
        "blinker": {
            "hashes": [
                "sha256:471aee25f3992bd325afa3772f1063dbdbbca947a041b8b89466dc00d606f8b6"
            ],
            "version": "==1.4"
        },
        "certifi": {
            "hashes": [
                "sha256:9fa520c1bacfb634fa7af20a76bcbd3d5fb390481724c597da32c719a7dca4b0",
                "sha256:13e698f54293db9f89122b0581843a782ad0934a4fe0172d2a980ba77fc61bb7"
            ],
            "version": "==2018.4.16"
        },
        "closure": {
            "hashes": [
                "sha256:2c4563eee26b12d1d1007a89fad31c292a4d5c46efe0d5f981869de1a9596d66"
            ],
            "version": "==20140110"
        },
        "flask": {
            "hashes": [
                "sha256:4c83829ff83d408b5e1d4995472265411d2c414112298f2eb4b359d9e4563373"
            ],
            "version": "==0.10.1"
        },
        "flask-assets": {
            "hashes": [
                "sha256:d44fbef89d9d2fdc66e216b63c460cdd719b529cf4cdf3e0ef416815879ad1ec"
            ],
            "version": "==0.10"
        },
        "flask-compress": {
            "hashes": [
                "sha256:49a7a6eaec2eb2e40fe8ac75d2c2c89dbcede4e3d16f71672cb186f770698a29"
            ],
            "version": "==1.0.2"
        },
        "flask-login": {
            "hashes": [
                "sha256:e72eff5c35e5a31db1aeca1db5d2501be702674ea88e8f223b5d2b11644beee6"
            ],
            "version": "==0.3.2"
        },
        "flask-principal": {
            "hashes": [
                "sha256:f5d6134b5caebfdbb86f32d56d18ee44b080876a27269560a96ea35f75c99453"
            ],
            "version": "==0.4.0"
        },
        "futures": {
            "hashes": [
                "sha256:4e860d18d866ff6c5f2804ebcbb16415f4f29cf57efea919178b809cf99326b6",
                "sha256:19485d83f7bd2151c0aeaf88fbba3ee50dadfb222ffc3b66a344ef4952b782a3"
            ],
            "version": "==3.0.4"
        },
        "itsdangerous": {
            "hashes": [
                "sha256:cbb3fcf8d3e33df861709ecaf89d9e6629cff0a217bc2848f1b41cd30d360519"
            ],
            "version": "==0.24"
        },
        "jinja2": {
            "hashes": [
                "sha256:74c935a1b8bb9a3947c50a54766a969d4846290e1e788ea44c1392163723c3bd",
                "sha256:f84be1bb0040caca4cea721fcbbbbd61f9be9464ca236387158b0feea01914a4"
            ],
            "version": "==2.10"
        },
        "markupsafe": {
            "hashes": [
                "sha256:a6be69091dac236ea9c6bc7d012beab42010fa914c459791d627dad4910eb665"
            ],
            "version": "==1.0"
        },
        "netaddr": {
            "hashes": [
                "sha256:9f8e8b75e790ff9434427e3decc2d85359fc3af54266b952c583af4321701917",
                "sha256:88bf0bff238df672b1a521cdc291db025f7462223b065405b62d58a22c0d0abe",
                "sha256:622b81e571fb974698d056d4825b21ee64eac96de8ef41327b03913ac4308d5b"
            ],
            "version": "==0.7.12"
        },
        "netifaces": {
            "hashes": [
                "sha256:aea569ce1a5a75b010758097199f84d9a3a109a696473c635bcf82f8a43cc551",
                "sha256:4817871b226082600b64578549b9932bb07c1a42e9311ddd7c9dad08ff1fb22f",
                "sha256:2acb23ca092cc53b2b1f374132bbef5dd843767f6b10d31024f958474a1dfe96",
                "sha256:e6d52aee254f9cf6192b54c156c67d54dcf451bec6781580844af892e4bf36bb",
                "sha256:9cf8cb2de7524c34808e6111dfb9f89e3b7c568e6953b3e02b8397447a6d8303",
                "sha256:a77263e046636a761a2c3eeb0a56b5f8fa64f865efec91a9be008a46412b4ddd",
                "sha256:7ea8eb1e824f74c161396f0d6d76fa3943462ee9a4629c387c10399d2aee058c",
                "sha256:38969c101f1e61c2a53af6a7b635f63e81085ae87413f1f5551a4d7057f5f773",
                "sha256:e76d38d9cff51ecf9fd5b8d0adf63f7b8875e1ac8548ccb52264939e308b771e",
                "sha256:674498dad41dacd86ec82e9e1793f9d8716755085c3776f051a266b1634a0b60",
                "sha256:e1037cfad0e99a23fb4829f40302f3696395358950ba9f0315363a0e1eb04af6",
                "sha256:1edeea7d739b1d716d15214039386e999f2e374aaeac0703092132b4e55ba461",
                "sha256:19df6feff2af7a9179e42afdd01d79616d85b7ff4401b55ffce2df29d512a017",
                "sha256:0083ff8d89c559d0da0811c4930cf36e4945da0f03749e0f108678098d7d1607",
                "sha256:1a4082a52f521ceeaf3d0ff25c61a06d46444f3578f487935652ecc93becf538",
                "sha256:4bb6b02b7c485a595a9d75346df3a77fcaa12d2352437c49c2d73ed968572d72",
                "sha256:8a69dc2743dcbb9b87fa3453820852f0feabc17b03d3841619e8e63f5d3902d5",
                "sha256:179f2463469fe69c829c96c7b332c7fd3f01652311e36ae11e409e5b34eb9dad",
                "sha256:bd590fcb75421537d4149825e1e63cca225fd47dad861710c46bd1cb329d8cbd"
            ],
            "version": "==0.10.7"
        },
        "pathtools": {
            "hashes": [
                "sha256:7c35c5421a39bb82e58018febd90e3b6e5db34c5443aaaf742b3f33d4655f1c0"
            ],
            "version": "==0.1.2"
        },
        "pyserial": {
            "hashes": [
                "sha256:b05fa0d2f5cc5a9584bed5d695441f6dba127c5b593dfa6e671a0db2de0d959a",
                "sha256:1eecfe4022240f2eab5af8d414f0504e072ee68377ba63d3b6fe6e66c26f66d1"
            ],
            "version": "==3.2.1"
        },
        "python-networkmanager": {
            "hashes": [
                "sha256:6eb4073a0d6572fe0bba8cbfe8423f6a8a51c4504a33e0eb4f1b1eadf54c4cee"
            ],
            "version": "==1.0.1"
        },
        "pyudev": {
            "hashes": [
                "sha256:094b7a100150114748aaa3b70663485dd360457a709bfaaafe5a977371033f2b"
            ],
            "version": "==0.21.0"
        },
        "pyyaml": {
            "hashes": [
                "sha256:c36c938a872e5ff494938b33b14aaa156cb439ec67548fcab3535bb78b0846e8",
                "sha256:e3bc2528c3a0f396908b5f8784795f3f7b62e8b2573c2db736addccfb22449e4",
                "sha256:ca129663271174f9783e1177195e4288945a504db89f5c3889da75e0abbd0a67",
                "sha256:d44be6e77802ea845911e000e29d781ba2900a0fe3b38fc0f5b74f5f77d2e4f0",
                "sha256:2abbe0b237b42e075e5a59f90766c0a18cc29aea3baa7a152cc16f62fa556daa",
                "sha256:ad55a89cc264b74be59df9fdcea1dffd14f435d955eae2ac822a28563be2fe48",
                "sha256:e25c2074189eb72056778c88344f47e5e7378afd52da62014bb3e86efce947c1",
                "sha256:b54b4782da60c7dfe5d850524416dd03f3b9a516ed476ce1d5a2712cde75d683",
                "sha256:2db3d4c54d3eb47ad7169806e684d5243d4a14749cb9741ef5d1ac3291d67a1a",
                "sha256:3e8c104861b5839a36e6b30c2f964d6fbf4a2e2b87ae9c289da699b21e35c91b",
                "sha256:7a02d22209e41ba55bd8a65fa69ee593af30a857f6e33fc9c80589e6b477c36b",
                "sha256:d9b72815d3cdc5e1c3f1f44498a5e884fe4dcdb3f6428fa086e35af8160d2809",
                "sha256:c81b0cccf6b6bfc0432c1a96c07b64b76472118ec789bc4891447cc5298bd1c7",
                "sha256:19bb3ac350ef878dda84a62d37c7d5c17a137386dde9c2ce7249c7a21d7f6ac9"
            ],
            "version": "==3.11"
        },
        "requests": {
            "hashes": [
                "sha256:3f3f27a9d0f9092935efc78054ef324eb9f8166718270aefe036dfa1e4f68e1e",
                "sha256:2109ecea94df90980be040490ff1d879971b024861539abb00054062388b612e"
            ],
            "version": "==2.12.1"
        },
        "requests-toolbelt": {
            "hashes": [
                "sha256:a0432b1124e6b33151ecf694497b4808690dd94ce68c6648c1daa63b771278c4",
                "sha256:33899d4a559c3f0f5e9fbc115d337c4236febdc083755a160a4132d92fc3c91a"
            ],
            "version": "==0.7.0"
        },
        "sarge": {
            "hashes": [
                "sha256:59f93216723ddd9062d17cbbb90ed9e69267b84825cf0bde0b7f8d934c424823"
            ],
            "version": "==0.1.4"
        },
        "singledispatch": {
            "hashes": [
                "sha256:833b46966687b3de7f438c761ac475213e53b306740f1abfaa86e1d1aae56aa8",
                "sha256:5b06af87df13818d14f08a028e42f566640aef80805c3b50c5056b086e3c2b9c"
            ],
            "version": "==3.4.0.3"
        },
        "six": {
            "hashes": [
                "sha256:832dc0e10feb1aa2c68dcc57dbb658f1c7e65b9b61af69048abc87a2db00a0eb",
                "sha256:70e8a77beed4562e7f14fe23a786b54f6296e34344c23bc42f07b15018ff98e9"
            ],
            "version": "==1.11.0"
        },
        "tornado": {
            "hashes": [
                "sha256:bbfc2d8acaaf89863bdfd06550d0a3036e15ad6552c5d381a99b4eb2e2357b36",
                "sha256:051f46b0bb8bca1c4aeaeed1631f2533d559149c4baa52d22805d75ddfd13d63",
                "sha256:2898f992f898cd41eeb8d53b6df75495f2f423b6672890aadaf196ea1448edcc"
            ],
            "version": "==4.4.2"
        },
        "usbid": {
            "hashes": [
                "sha256:f596a775373b76de21a2ce3a92348c189d43a8cfd347b8b4cf2d1f47b9854969"
            ],
            "version": "==1.0.3"
        },
        "v4l2": {
            "hashes": [
                "sha256:0d8f31f9d554ded4d0b50a31a7be5590b861df9e1ba256ee757e1c09175dd4a2"
            ],
            "version": "==0.2"
        },
        "watchdog": {
            "hashes": [
                "sha256:7e65882adb7746039b6f3876ee174952f8eaaa34491ba34333ddf1fe35de4162"
            ],
            "version": "==0.8.3"
        },
        "webassets": {
            "hashes": [
                "sha256:e7d9c8887343123fd5b32309b33167428cb1318cdda97ece12d0907fd69d38db"
            ],
            "version": "==0.12.1"
        },
        "werkzeug": {
            "hashes": [
                "sha256:7f11e7e2e73eb22677cac1b11113eb6106f66cedef13d140e83cf6563c90b79c"
            ],
            "version": "==0.9.6"
        },
        "ws4py": {
            "hashes": [
                "sha256:85d5c01bb0d031e151a32fad56094caf54e20c2ddb51cf25b5709421ff92d007",
                "sha256:fdb742d95a43b7fa16e3aff83b426bd1aee6013146fcc6af87df53420448f51f"
            ],
            "version": "==0.3.4"
        }
    },
    "develop": {}
}
